
Microsoft Visual Studio Solution File, Format Version 12.00
# Visual Studio 15
VisualStudioVersion = 15.0.28307.852
MinimumVisualStudioVersion = 10.0.40219.1
Project("{FAE04EC0-301F-11D3-BF4B-00C04F79EFBC}") = "BankAccountRegister", "BankAccountRegister\BankAccountRegister.csproj", "{525A20A8-4A5B-440F-A804-5D2E2D219F9D}"
EndProject
Global
	GlobalSection(SolutionConfigurationPlatforms) = preSolution
		Debug|Any CPU = Debug|Any CPU
		Release|Any CPU = Release|Any CPU
	EndGlobalSection
	GlobalSection(ProjectConfigurationPlatforms) = postSolution
		{525A20A8-4A5B-440F-A804-5D2E2D219F9D}.Debug|Any CPU.ActiveCfg = Debug|Any CPU
		{525A20A8-4A5B-440F-A804-5D2E2D219F9D}.Debug|Any CPU.Build.0 = Debug|Any CPU
		{525A20A8-4A5B-440F-A804-5D2E2D219F9D}.Release|Any CPU.ActiveCfg = Release|Any CPU
		{525A20A8-4A5B-440F-A804-5D2E2D219F9D}.Release|Any CPU.Build.0 = Release|Any CPU
	EndGlobalSection
	GlobalSection(SolutionProperties) = preSolution
		HideSolutionNode = FALSE
	EndGlobalSection
	GlobalSection(ExtensibilityGlobals) = postSolution
		SolutionGuid = {2265C8EB-105E-4296-AB84-4A4819477DD6}
	EndGlobalSection
EndGlobal
